// !$*UTF8*$!
{
	archiveVersion = 1;
	classes = {
	};
	objectVersion = 56;
	objects = {

/* Begin PBXBuildFile section */
		68A9BD502AC4AB1600834141 /* SKButtonNode.swift in Sources */ = {isa = PBXBuildFile; fileRef = 68A9BD4F2AC4AB1600834141 /* SKButtonNode.swift */; };
		73CADC942AC5514B009AFF0F /* eatCheese.wav in Resources */ = {isa = PBXBuildFile; fileRef = 73CADC932AC5514B009AFF0F /* eatCheese.wav */; };
		73CADC962AC5543A009AFF0F /* jump.wav in Resources */ = {isa = PBXBuildFile; fileRef = 73CADC952AC5543A009AFF0F /* jump.wav */; };
		73CADC982AC55532009AFF0F /* backgroundMusic.wav in Resources */ = {isa = PBXBuildFile; fileRef = 73CADC972AC55532009AFF0F /* backgroundMusic.wav */; };
		73CADC9A2AC557A6009AFF0F /* gameOver.wav in Resources */ = {isa = PBXBuildFile; fileRef = 73CADC992AC557A6009AFF0F /* gameOver.wav */; };
		A73C1BBE2AC4A9A90015E21A /* Sprites.swift in Sources */ = {isa = PBXBuildFile; fileRef = A73C1BBD2AC4A9A90015E21A /* Sprites.swift */; };
		A79AB2DD2AC207770008243F /* AppDelegate.swift in Sources */ = {isa = PBXBuildFile; fileRef = A79AB2DC2AC207770008243F /* AppDelegate.swift */; };
		A79AB2E32AC207770008243F /* GameScene.swift in Sources */ = {isa = PBXBuildFile; fileRef = A79AB2E22AC207770008243F /* GameScene.swift */; };
		A79AB2E52AC207770008243F /* GameViewController.swift in Sources */ = {isa = PBXBuildFile; fileRef = A79AB2E42AC207770008243F /* GameViewController.swift */; };
		A79AB2E82AC207770008243F /* Main.storyboard in Resources */ = {isa = PBXBuildFile; fileRef = A79AB2E62AC207770008243F /* Main.storyboard */; };
		A79AB2EA2AC207780008243F /* Assets.xcassets in Resources */ = {isa = PBXBuildFile; fileRef = A79AB2E92AC207780008243F /* Assets.xcassets */; };
		A79AB2ED2AC207780008243F /* LaunchScreen.storyboard in Resources */ = {isa = PBXBuildFile; fileRef = A79AB2EB2AC207780008243F /* LaunchScreen.storyboard */; };
/* End PBXBuildFile section */

/* Begin PBXFileReference section */
		68A9BD4F2AC4AB1600834141 /* SKButtonNode.swift */ = {isa = PBXFileReference; lastKnownFileType = sourcecode.swift; path = SKButtonNode.swift; sourceTree = "<group>"; };
		73CADC932AC5514B009AFF0F /* eatCheese.wav */ = {isa = PBXFileReference; lastKnownFileType = audio.wav; path = eatCheese.wav; sourceTree = "<group>"; };
		73CADC952AC5543A009AFF0F /* jump.wav */ = {isa = PBXFileReference; lastKnownFileType = audio.wav; path = jump.wav; sourceTree = "<group>"; };
		73CADC972AC55532009AFF0F /* backgroundMusic.wav */ = {isa = PBXFileReference; lastKnownFileType = audio.wav; path = backgroundMusic.wav; sourceTree = "<group>"; };
		73CADC992AC557A6009AFF0F /* gameOver.wav */ = {isa = PBXFileReference; lastKnownFileType = audio.wav; path = gameOver.wav; sourceTree = "<group>"; };
		A73C1BBD2AC4A9A90015E21A /* Sprites.swift */ = {isa = PBXFileReference; lastKnownFileType = sourcecode.swift; path = Sprites.swift; sourceTree = "<group>"; };
		A79AB2D92AC207770008243F /* mouseClimber.app */ = {isa = PBXFileReference; explicitFileType = wrapper.application; includeInIndex = 0; path = mouseClimber.app; sourceTree = BUILT_PRODUCTS_DIR; };
		A79AB2DC2AC207770008243F /* AppDelegate.swift */ = {isa = PBXFileReference; lastKnownFileType = sourcecode.swift; path = AppDelegate.swift; sourceTree = "<group>"; };
		A79AB2E22AC207770008243F /* GameScene.swift */ = {isa = PBXFileReference; lastKnownFileType = sourcecode.swift; path = GameScene.swift; sourceTree = "<group>"; };
		A79AB2E42AC207770008243F /* GameViewController.swift */ = {isa = PBXFileReference; lastKnownFileType = sourcecode.swift; path = GameViewController.swift; sourceTree = "<group>"; };
		A79AB2E72AC207770008243F /* Base */ = {isa = PBXFileReference; lastKnownFileType = file.storyboard; name = Base; path = Base.lproj/Main.storyboard; sourceTree = "<group>"; };
		A79AB2E92AC207780008243F /* Assets.xcassets */ = {isa = PBXFileReference; lastKnownFileType = folder.assetcatalog; path = Assets.xcassets; sourceTree = "<group>"; };
		A79AB2EC2AC207780008243F /* Base */ = {isa = PBXFileReference; lastKnownFileType = file.storyboard; name = Base; path = Base.lproj/LaunchScreen.storyboard; sourceTree = "<group>"; };
/* End PBXFileReference section */

/* Begin PBXFrameworksBuildPhase section */
		A79AB2D62AC207770008243F /* Frameworks */ = {
			isa = PBXFrameworksBuildPhase;
			buildActionMask = 2147483647;
			files = (
			);
			runOnlyForDeploymentPostprocessing = 0;
		};
/* End PBXFrameworksBuildPhase section */

/* Begin PBXGroup section */
		73D743072AC4F7620054DBB8 /* Sounds */ = {
			isa = PBXGroup;
			children = (
				73CADC972AC55532009AFF0F /* backgroundMusic.wav */,
				73CADC992AC557A6009AFF0F /* gameOver.wav */,
				73CADC952AC5543A009AFF0F /* jump.wav */,
				73CADC932AC5514B009AFF0F /* eatCheese.wav */,
			);
			path = Sounds;
			sourceTree = "<group>";
		};
		A79AB2D02AC207770008243F = {
			isa = PBXGroup;
			children = (
				A79AB2DB2AC207770008243F /* mouseClimber */,
				A79AB2DA2AC207770008243F /* Products */,
			);
			sourceTree = "<group>";
		};
		A79AB2DA2AC207770008243F /* Products */ = {
			isa = PBXGroup;
			children = (
				A79AB2D92AC207770008243F /* mouseClimber.app */,
			);
			name = Products;
			sourceTree = "<group>";
		};
		A79AB2DB2AC207770008243F /* mouseClimber */ = {
			isa = PBXGroup;
			children = (
				A79AB2DC2AC207770008243F /* AppDelegate.swift */,
				A79AB2E22AC207770008243F /* GameScene.swift */,
				A73C1BBD2AC4A9A90015E21A /* Sprites.swift */,
				73D743072AC4F7620054DBB8 /* Sounds */,
				68A9BD4F2AC4AB1600834141 /* SKButtonNode.swift */,
				A79AB2E42AC207770008243F /* GameViewController.swift */,
				A79AB2E62AC207770008243F /* Main.storyboard */,
				A79AB2E92AC207780008243F /* Assets.xcassets */,
				A79AB2EB2AC207780008243F /* LaunchScreen.storyboard */,
			);
			path = mouseClimber;
			sourceTree = "<group>";
		};
/* End PBXGroup section */

/* Begin PBXNativeTarget section */
		A79AB2D82AC207770008243F /* mouseClimber */ = {
			isa = PBXNativeTarget;
			buildConfigurationList = A79AB2F02AC207780008243F /* Build configuration list for PBXNativeTarget "mouseClimber" */;
			buildPhases = (
				A79AB2D52AC207770008243F /* Sources */,
				A79AB2D62AC207770008243F /* Frameworks */,
				A79AB2D72AC207770008243F /* Resources */,
			);
			buildRules = (
			);
			dependencies = (
			);
			name = mouseClimber;
			productName = mouseClimber;
			productReference = A79AB2D92AC207770008243F /* mouseClimber.app */;
			productType = "com.apple.product-type.application";
		};
/* End PBXNativeTarget section */

/* Begin PBXProject section */
		A79AB2D12AC207770008243F /* Project object */ = {
			isa = PBXProject;
			attributes = {
				BuildIndependentTargetsInParallel = 1;
				LastSwiftUpdateCheck = 1500;
				LastUpgradeCheck = 1500;
				TargetAttributes = {
					A79AB2D82AC207770008243F = {
						CreatedOnToolsVersion = 15.0;
					};
				};
			};
			buildConfigurationList = A79AB2D42AC207770008243F /* Build configuration list for PBXProject "mouseClimber" */;
			compatibilityVersion = "Xcode 14.0";
			developmentRegion = en;
			hasScannedForEncodings = 0;
			knownRegions = (
				en,
				Base,
			);
			mainGroup = A79AB2D02AC207770008243F;
			productRefGroup = A79AB2DA2AC207770008243F /* Products */;
			projectDirPath = "";
			projectRoot = "";
			targets = (
				A79AB2D82AC207770008243F /* mouseClimber */,
			);
		};
/* End PBXProject section */

/* Begin PBXResourcesBuildPhase section */
		A79AB2D72AC207770008243F /* Resources */ = {
			isa = PBXResourcesBuildPhase;
			buildActionMask = 2147483647;
			files = (
				73CADC942AC5514B009AFF0F /* eatCheese.wav in Resources */,
				73CADC9A2AC557A6009AFF0F /* gameOver.wav in Resources */,
				A79AB2E82AC207770008243F /* Main.storyboard in Resources */,
				73CADC962AC5543A009AFF0F /* jump.wav in Resources */,
				A79AB2EA2AC207780008243F /* Assets.xcassets in Resources */,
				A79AB2ED2AC207780008243F /* LaunchScreen.storyboard in Resources */,
				73CADC982AC55532009AFF0F /* backgroundMusic.wav in Resources */,
			);
			runOnlyForDeploymentPostprocessing = 0;
		};
/* End PBXResourcesBuildPhase section */

/* Begin PBXSourcesBuildPhase section */
		A79AB2D52AC207770008243F /* Sources */ = {
			isa = PBXSourcesBuildPhase;
			buildActionMask = 2147483647;
			files = (
				A79AB2E32AC207770008243F /* GameScene.swift in Sources */,
				68A9BD502AC4AB1600834141 /* SKButtonNode.swift in Sources */,
				A79AB2E52AC207770008243F /* GameViewController.swift in Sources */,
				A73C1BBE2AC4A9A90015E21A /* Sprites.swift in Sources */,
				A79AB2DD2AC207770008243F /* AppDelegate.swift in Sources */,
			);
			runOnlyForDeploymentPostprocessing = 0;
		};
/* End PBXSourcesBuildPhase section */

/* Begin PBXVariantGroup section */
		A79AB2E62AC207770008243F /* Main.storyboard */ = {
			isa = PBXVariantGroup;
			children = (
				A79AB2E72AC207770008243F /* Base */,
			);
			name = Main.storyboard;
			sourceTree = "<group>";
		};
		A79AB2EB2AC207780008243F /* LaunchScreen.storyboard */ = {
			isa = PBXVariantGroup;
			children = (
				A79AB2EC2AC207780008243F /* Base */,
			);
			name = LaunchScreen.storyboard;
			sourceTree = "<group>";
		};
/* End PBXVariantGroup section */

/* Begin XCBuildConfiguration section */
		A79AB2EE2AC207780008243F /* Debug */ = {
			isa = XCBuildConfiguration;
			buildSettings = {
				ALWAYS_SEARCH_USER_PATHS = NO;
				ASSETCATALOG_COMPILER_GENERATE_SWIFT_ASSET_SYMBOL_EXTENSIONS = YES;
				CLANG_ANALYZER_NONNULL = YES;
				CLANG_ANALYZER_NUMBER_OBJECT_CONVERSION = YES_AGGRESSIVE;
				CLANG_CXX_LANGUAGE_STANDARD = "gnu++20";
				CLANG_ENABLE_MODULES = YES;
				CLANG_ENABLE_OBJC_ARC = YES;
				CLANG_ENABLE_OBJC_WEAK = YES;
				CLANG_WARN_BLOCK_CAPTURE_AUTORELEASING = YES;
				CLANG_WARN_BOOL_CONVERSION = YES;
				CLANG_WARN_COMMA = YES;
				CLANG_WARN_CONSTANT_CONVERSION = YES;
				CLANG_WARN_DEPRECATED_OBJC_IMPLEMENTATIONS = YES;
				CLANG_WARN_DIRECT_OBJC_ISA_USAGE = YES_ERROR;
				CLANG_WARN_DOCUMENTATION_COMMENTS = YES;
				CLANG_WARN_EMPTY_BODY = YES;
				CLANG_WARN_ENUM_CONVERSION = YES;
				CLANG_WARN_INFINITE_RECURSION = YES;
				CLANG_WARN_INT_CONVERSION = YES;
				CLANG_WARN_NON_LITERAL_NULL_CONVERSION = YES;
				CLANG_WARN_OBJC_IMPLICIT_RETAIN_SELF = YES;
				CLANG_WARN_OBJC_LITERAL_CONVERSION = YES;
				CLANG_WARN_OBJC_ROOT_CLASS = YES_ERROR;
				CLANG_WARN_QUOTED_INCLUDE_IN_FRAMEWORK_HEADER = YES;
				CLANG_WARN_RANGE_LOOP_ANALYSIS = YES;
				CLANG_WARN_STRICT_PROTOTYPES = YES;
				CLANG_WARN_SUSPICIOUS_MOVE = YES;
				CLANG_WARN_UNGUARDED_AVAILABILITY = YES_AGGRESSIVE;
				CLANG_WARN_UNREACHABLE_CODE = YES;
				CLANG_WARN__DUPLICATE_METHOD_MATCH = YES;
				COPY_PHASE_STRIP = NO;
				DEBUG_INFORMATION_FORMAT = dwarf;
				ENABLE_STRICT_OBJC_MSGSEND = YES;
				ENABLE_TESTABILITY = YES;
				ENABLE_USER_SCRIPT_SANDBOXING = YES;
				GCC_C_LANGUAGE_STANDARD = gnu17;
				GCC_DYNAMIC_NO_PIC = NO;
				GCC_NO_COMMON_BLOCKS = YES;
				GCC_OPTIMIZATION_LEVEL = 0;
				GCC_PREPROCESSOR_DEFINITIONS = (
					"DEBUG=1",
					"$(inherited)",
				);
				GCC_WARN_64_TO_32_BIT_CONVERSION = YES;
				GCC_WARN_ABOUT_RETURN_TYPE = YES_ERROR;
				GCC_WARN_UNDECLARED_SELECTOR = YES;
				GCC_WARN_UNINITIALIZED_AUTOS = YES_AGGRESSIVE;
				GCC_WARN_UNUSED_FUNCTION = YES;
				GCC_WARN_UNUSED_VARIABLE = YES;
				IPHONEOS_DEPLOYMENT_TARGET = 13.0;
				LOCALIZATION_PREFERS_STRING_CATALOGS = YES;
				MTL_ENABLE_DEBUG_INFO = INCLUDE_SOURCE;
				MTL_FAST_MATH = YES;
				ONLY_ACTIVE_ARCH = YES;
				SDKROOT = iphoneos;
				SWIFT_ACTIVE_COMPILATION_CONDITIONS = "DEBUG $(inherited)";
				SWIFT_OPTIMIZATION_LEVEL = "-Onone";
			};
			name = Debug;
		};
		A79AB2EF2AC207780008243F /* Release */ = {
			isa = XCBuildConfiguration;
			buildSettings = {
				ALWAYS_SEARCH_USER_PATHS = NO;
				ASSETCATALOG_COMPILER_GENERATE_SWIFT_ASSET_SYMBOL_EXTENSIONS = YES;
				CLANG_ANALYZER_NONNULL = YES;
				CLANG_ANALYZER_NUMBER_OBJECT_CONVERSION = YES_AGGRESSIVE;
				CLANG_CXX_LANGUAGE_STANDARD = "gnu++20";
				CLANG_ENABLE_MODULES = YES;
				CLANG_ENABLE_OBJC_ARC = YES;
				CLANG_ENABLE_OBJC_WEAK = YES;
				CLANG_WARN_BLOCK_CAPTURE_AUTORELEASING = YES;
				CLANG_WARN_BOOL_CONVERSION = YES;
				CLANG_WARN_COMMA = YES;
				CLANG_WARN_CONSTANT_CONVERSION = YES;
				CLANG_WARN_DEPRECATED_OBJC_IMPLEMENTATIONS = YES;
				CLANG_WARN_DIRECT_OBJC_ISA_USAGE = YES_ERROR;
				CLANG_WARN_DOCUMENTATION_COMMENTS = YES;
				CLANG_WARN_EMPTY_BODY = YES;
				CLANG_WARN_ENUM_CONVERSION = YES;
				CLANG_WARN_INFINITE_RECURSION = YES;
				CLANG_WARN_INT_CONVERSION = YES;
				CLANG_WARN_NON_LITERAL_NULL_CONVERSION = YES;
				CLANG_WARN_OBJC_IMPLICIT_RETAIN_SELF = YES;
				CLANG_WARN_OBJC_LITERAL_CONVERSION = YES;
				CLANG_WARN_OBJC_ROOT_CLASS = YES_ERROR;
				CLANG_WARN_QUOTED_INCLUDE_IN_FRAMEWORK_HEADER = YES;
				CLANG_WARN_RANGE_LOOP_ANALYSIS = YES;
				CLANG_WARN_STRICT_PROTOTYPES = YES;
				CLANG_WARN_SUSPICIOUS_MOVE = YES;
				CLANG_WARN_UNGUARDED_AVAILABILITY = YES_AGGRESSIVE;
				CLANG_WARN_UNREACHABLE_CODE = YES;
				CLANG_WARN__DUPLICATE_METHOD_MATCH = YES;
				COPY_PHASE_STRIP = NO;
				DEBUG_INFORMATION_FORMAT = "dwarf-with-dsym";
				ENABLE_NS_ASSERTIONS = NO;
				ENABLE_STRICT_OBJC_MSGSEND = YES;
				ENABLE_USER_SCRIPT_SANDBOXING = YES;
				GCC_C_LANGUAGE_STANDARD = gnu17;
				GCC_NO_COMMON_BLOCKS = YES;
				GCC_WARN_64_TO_32_BIT_CONVERSION = YES;
				GCC_WARN_ABOUT_RETURN_TYPE = YES_ERROR;
				GCC_WARN_UNDECLARED_SELECTOR = YES;
				GCC_WARN_UNINITIALIZED_AUTOS = YES_AGGRESSIVE;
				GCC_WARN_UNUSED_FUNCTION = YES;
				GCC_WARN_UNUSED_VARIABLE = YES;
				IPHONEOS_DEPLOYMENT_TARGET = 13.0;
				LOCALIZATION_PREFERS_STRING_CATALOGS = YES;
				MTL_ENABLE_DEBUG_INFO = NO;
				MTL_FAST_MATH = YES;
				SDKROOT = iphoneos;
				SWIFT_COMPILATION_MODE = wholemodule;
				VALIDATE_PRODUCT = YES;
			};
			name = Release;
		};
		A79AB2F12AC207780008243F /* Debug */ = {
			isa = XCBuildConfiguration;
			buildSettings = {
				ASSETCATALOG_COMPILER_APPICON_NAME = AppIcon;
				ASSETCATALOG_COMPILER_GLOBAL_ACCENT_COLOR_NAME = AccentColor;
				CODE_SIGN_STYLE = Automatic;
				CURRENT_PROJECT_VERSION = 1;
				DEVELOPMENT_TEAM = 7M3927V7ZA;
				GENERATE_INFOPLIST_FILE = YES;
				INFOPLIST_KEY_NSCameraUsageDescription = "";
				INFOPLIST_KEY_UIApplicationSupportsIndirectInputEvents = YES;
				INFOPLIST_KEY_UILaunchStoryboardName = LaunchScreen;
				INFOPLIST_KEY_UIMainStoryboardFile = Main;
				INFOPLIST_KEY_UIStatusBarHidden = YES;
				INFOPLIST_KEY_UISupportedInterfaceOrientations = UIInterfaceOrientationPortrait;
				IPHONEOS_DEPLOYMENT_TARGET = 13.0;
				LD_RUNPATH_SEARCH_PATHS = (
					"$(inherited)",
					"@executable_path/Frameworks",
				);
				MARKETING_VERSION = 1.0;
				PRODUCT_BUNDLE_IDENTIFIER = com.dev.mouseClimber;
				PRODUCT_NAME = "$(TARGET_NAME)";
				SWIFT_EMIT_LOC_STRINGS = YES;
				SWIFT_VERSION = 5.0;
				TARGETED_DEVICE_FAMILY = "1,2";
			};
			name = Debug;
		};
		A79AB2F22AC207780008243F /* Release */ = {
			isa = XCBuildConfiguration;
			buildSettings = {
				ASSETCATALOG_COMPILER_APPICON_NAME = AppIcon;
				ASSETCATALOG_COMPILER_GLOBAL_ACCENT_COLOR_NAME = AccentColor;
				CODE_SIGN_STYLE = Automatic;
				CURRENT_PROJECT_VERSION = 1;
				DEVELOPMENT_TEAM = 73DNAYF2TM;
				GENERATE_INFOPLIST_FILE = YES;
				INFOPLIST_KEY_NSCameraUsageDescription = "";
				INFOPLIST_KEY_UIApplicationSupportsIndirectInputEvents = YES;
				INFOPLIST_KEY_UILaunchStoryboardName = LaunchScreen;
				INFOPLIST_KEY_UIMainStoryboardFile = Main;
				INFOPLIST_KEY_UIStatusBarHidden = YES;
				INFOPLIST_KEY_UISupportedInterfaceOrientations = UIInterfaceOrientationPortrait;
				IPHONEOS_DEPLOYMENT_TARGET = 13.0;
				LD_RUNPATH_SEARCH_PATHS = (
					"$(inherited)",
					"@executable_path/Frameworks",
				);
				MARKETING_VERSION = 1.0;
				PRODUCT_BUNDLE_IDENTIFIER = com.dev.mouseClimber;
				PRODUCT_NAME = "$(TARGET_NAME)";
				SWIFT_EMIT_LOC_STRINGS = YES;
				SWIFT_VERSION = 5.0;
				TARGETED_DEVICE_FAMILY = "1,2";
			};
			name = Release;
		};
/* End XCBuildConfiguration section */

/* Begin XCConfigurationList section */
		A79AB2D42AC207770008243F /* Build configuration list for PBXProject "mouseClimber" */ = {
			isa = XCConfigurationList;
			buildConfigurations = (
				A79AB2EE2AC207780008243F /* Debug */,
				A79AB2EF2AC207780008243F /* Release */,
			);
			defaultConfigurationIsVisible = 0;
			defaultConfigurationName = Release;
		};
		A79AB2F02AC207780008243F /* Build configuration list for PBXNativeTarget "mouseClimber" */ = {
			isa = XCConfigurationList;
			buildConfigurations = (
				A79AB2F12AC207780008243F /* Debug */,
				A79AB2F22AC207780008243F /* Release */,
			);
			defaultConfigurationIsVisible = 0;
			defaultConfigurationName = Release;
		};
/* End XCConfigurationList section */
	};
	rootObject = A79AB2D12AC207770008243F /* Project object */;
}
